Microsoft Visual Studio Solution File, Format Version 12.00
# Visual Studio Version 18
VisualStudioVersion = 18.0.11205.157
MinimumVisualStudioVersion = 10.0.40219.1
Project("{FAE04EC0-301F-11D3-BF4B-00C04F79EFBC}") = "AutomationTool", "..\..\GameDev\UE_5.8\Engine\Source\Programs\AutomationTool\AutomationTool.csproj", "{09DAE5A3-DFA7-3846-9D94-C3DB0C9893E5}"
EndProject
Project("{FAE04EC0-301F-11D3-BF4B-00C04F79EFBC}") = "VisionOS.Automation", "..\..\GameDev\UE_5.8\Engine\Platforms\VisionOS\Source\Programs\AutomationTool\VisionOS.Automation.csproj", "{55B398FE-B3FC-34B2-BB79-D463F002EA9C}"
EndProject
Project("{FAE04EC0-301F-11D3-BF4B-00C04F79EFBC}") = "Android.Automation", "..\..\GameDev\UE_5.8\Engine\Source\Programs\AutomationTool\Android\Android.Automation.csproj", "{0B021CA7-550F-3765-9065-93557A8865B4}"
EndProject
Project("{FAE04EC0-301F-11D3-BF4B-00C04F79EFBC}") = "Apple.Automation", "..\..\GameDev\UE_5.8\Engine\Source\Programs\AutomationTool\Apple\Apple.Automation.csproj", "{C27D25EE-D519-3D29-BE4A-5E828288751E}"
EndProject
Project("{FAE04EC0-301F-11D3-BF4B-00C04F79EFBC}") = "AutomationUtils.Automation", "..\..\GameDev\UE_5.8\Engine\Source\Programs\AutomationTool\AutomationUtils\AutomationUtils.Automation.csproj", "{BBB17888-F786-3208-BD27-465DC8575699}"
EndProject
Project("{FAE04EC0-301F-11D3-BF4B-00C04F79EFBC}") = "BuildGraph.Automation", "..\..\GameDev\UE_5.8\Engine\Source\Programs\AutomationTool\BuildGraph\BuildGraph.Automation.csproj", "{DB65F520-B7D6-3A80-92F2-ADF2A1EE2772}"
EndProject
Project("{FAE04EC0-301F-11D3-BF4B-00C04F79EFBC}") = "CookedEditor.Automation", "..\..\GameDev\UE_5.8\Engine\Source\Programs\AutomationTool\CookedEditor\CookedEditor.Automation.csproj", "{5DD63C73-FEAF-3B28-BDE7-4279644F25F2}"
EndProject
Project("{FAE04EC0-301F-11D3-BF4B-00C04F79EFBC}") = "CrowdinLocalization.Automation", "..\..\GameDev\UE_5.8\Engine\Source\Programs\AutomationTool\CrowdinLocalization\CrowdinLocalization.Automation.csproj", "{A5C134DA-AA47-3CB3-9152-1C4134484AD2}"
EndProject
Project("{FAE04EC0-301F-11D3-BF4B-00C04F79EFBC}") = "Gauntlet.Automation", "..\..\GameDev\UE_5.8\Engine\Source\Programs\AutomationTool\Gauntlet\Gauntlet.Automation.csproj", "{A6B3EF72-7389-3C3F-A6B5-BF2587D6B29A}"
EndProject
Project("{FAE04EC0-301F-11D3-BF4B-00C04F79EFBC}") = "Insights.Automation", "..\..\GameDev\UE_5.8\Engine\Source\Programs\AutomationTool\Insights\Insights.Automation.csproj", "{C24811C5-5A63-39EC-A204-6A7BB70F5DA7}"
EndProject
Project("{FAE04EC0-301F-11D3-BF4B-00C04F79EFBC}") = "IOS.Automation", "..\..\GameDev\UE_5.8\Engine\Source\Programs\AutomationTool\IOS\IOS.Automation.csproj", "{8A548351-2127-310B-8004-6BFF11FB9084}"
EndProject
Project("{FAE04EC0-301F-11D3-BF4B-00C04F79EFBC}") = "Linux.Automation", "..\..\GameDev\UE_5.8\Engine\Source\Programs\AutomationTool\Linux\Linux.Automation.csproj", "{12B73EB6-EFAF-3C75-BB19-B2BC75D20D84}"
EndProject
Project("{FAE04EC0-301F-11D3-BF4B-00C04F79EFBC}") = "LiveLinkHub.Automation", "..\..\GameDev\UE_5.8\Engine\Source\Programs\AutomationTool\LiveLinkHub\LiveLinkHub.Automation.csproj", "{C721FA55-CBAD-3BA2-94D1-4718ECF740BF}"
EndProject
Project("{FAE04EC0-301F-11D3-BF4B-00C04F79EFBC}") = "Localization.Automation", "..\..\GameDev\UE_5.8\Engine\Source\Programs\AutomationTool\Localization\Localization.Automation.csproj", "{8EC328E2-45E0-3A20-81EC-D823B2555673}"
EndProject
Project("{FAE04EC0-301F-11D3-BF4B-00C04F79EFBC}") = "LowLevelTests.Automation", "..\..\GameDev\UE_5.8\Engine\Source\Programs\AutomationTool\LowLevelTests\LowLevelTests.Automation.csproj", "{ADB4A691-F033-3661-82F7-123ACE34AD74}"
EndProject
Project("{FAE04EC0-301F-11D3-BF4B-00C04F79EFBC}") = "Mac.Automation", "..\..\GameDev\UE_5.8\Engine\Source\Programs\AutomationTool\Mac\Mac.Automation.csproj", "{099D42D2-C20C-3A44-990D-53F5C8FCA30C}"
EndProject
Project("{FAE04EC0-301F-11D3-BF4B-00C04F79EFBC}") = "Microsoft.Automation", "..\..\GameDev\UE_5.8\Engine\Source\Programs\AutomationTool\Microsoft\Microsoft.Automation.csproj", "{C4284018-1B53-33DC-8A3A-A2438D3B3A8D}"
EndProject
Project("{FAE04EC0-301F-11D3-BF4B-00C04F79EFBC}") = "Mutable.Automation", "..\..\GameDev\UE_5.8\Engine\Source\Programs\AutomationTool\Mutable\Mutable.Automation.csproj", "{66D1F533-FA1D-381A-A8AF-5F9FA5DEAC14}"
EndProject
Project("{FAE04EC0-301F-11D3-BF4B-00C04F79EFBC}") = "OneSkyLocalization.Automation", "..\..\GameDev\UE_5.8\Engine\Source\Programs\AutomationTool\OneSkyLocalization\OneSkyLocalization.Automation.csproj", "{A451955F-C2EE-31CE-A37C-5D61FBC3C060}"
EndProject
Project("{FAE04EC0-301F-11D3-BF4B-00C04F79EFBC}") = "AutomationScripts.Automation", "..\..\GameDev\UE_5.8\Engine\Source\Programs\AutomationTool\Scripts\AutomationScripts.Automation.csproj", "{A4EBCF56-C5C6-317F-A5C5-266A36BBD2E6}"
EndProject
Project("{FAE04EC0-301F-11D3-BF4B-00C04F79EFBC}") = "SmartlingLocalization.Automation", "..\..\GameDev\UE_5.8\Engine\Source\Programs\AutomationTool\SmartlingLocalization\SmartlingLocalization.Automation.csproj", "{C35E0AA6-9A6E-3CD3-B5FC-AF9CDC776192}"
EndProject
Project("{FAE04EC0-301F-11D3-BF4B-00C04F79EFBC}") = "SteamDeck.Automation", "..\..\GameDev\UE_5.8\Engine\Source\Programs\AutomationTool\SteamDeck\SteamDeck.Automation.csproj", "{23A33CCE-E94C-371E-8183-37E13447EB3D}"
EndProject
Project("{FAE04EC0-301F-11D3-BF4B-00C04F79EFBC}") = "Turnkey.Automation", "..\..\GameDev\UE_5.8\Engine\Source\Programs\AutomationTool\Turnkey\Turnkey.Automation.csproj", "{21ED9BA3-0DA0-3574-B26E-6CEBAA5F081E}"
EndProject
Project("{FAE04EC0-301F-11D3-BF4B-00C04F79EFBC}") = "TVOS.Automation", "..\..\GameDev\UE_5.8\Engine\Source\Programs\AutomationTool\TVOS\TVOS.Automation.csproj", "{17D16741-B2CC-3E0A-804F-3F5EBD1B019C}"
EndProject
Project("{FAE04EC0-301F-11D3-BF4B-00C04F79EFBC}") = "Win.Automation", "..\..\GameDev\UE_5.8\Engine\Source\Programs\AutomationTool\Win\Win.Automation.csproj", "{87A14A6A-0CCF-3211-95D9-ACC0E4D129D1}"
EndProject
Project("{FAE04EC0-301F-11D3-BF4B-00C04F79EFBC}") = "XLocLocalization.Automation", "..\..\GameDev\UE_5.8\Engine\Source\Programs\AutomationTool\XLocLocalization\XLocLocalization.Automation.csproj", "{CE3BE4F5-F2F1-39B8-A3AE-5CF77E285AA6}"
EndProject
Project("{2150E333-8FDC-42A3-9474-1A3956D46DE8}") = "Dependencies", "Dependencies", "{58A72724-8CB8-3260-8ADB-0161BCAC3D64}"
EndProject
Project("{FAE04EC0-301F-11D3-BF4B-00C04F79EFBC}") = "EpicGames.LogMatchers", "..\..\GameDev\UE_5.8\Engine\Source\Programs\Shared\EpicGames.LogMatchers\EpicGames.LogMatchers.csproj", "{8DF01BEE-AED8-3E45-95B3-BD1C1BB3F2E5}"
EndProject
Project("{FAE04EC0-301F-11D3-BF4B-00C04F79EFBC}") = "EpicGames.ProjectStore", "..\..\GameDev\UE_5.8\Engine\Source\Programs\Shared\EpicGames.ProjectStore\EpicGames.ProjectStore.csproj", "{00D8EE79-BD3F-3033-89B8-3D94D72DBFF4}"
EndProject
Project("{FAE04EC0-301F-11D3-BF4B-00C04F79EFBC}") = "EpicGames.Build", "..\..\GameDev\UE_5.8\Engine\Source\Programs\Shared\EpicGames.Build\EpicGames.Build.csproj", "{E4AA8DBE-7C30-3529-99C7-F6CA79E0F6B4}"
EndProject
Project("{FAE04EC0-301F-11D3-BF4B-00C04F79EFBC}") = "EpicGames.BuildGraph", "..\..\GameDev\UE_5.8\Engine\Source\Programs\Shared\EpicGames.BuildGraph\EpicGames.BuildGraph.csproj", "{90EAB0D5-6141-3D56-AE01-2D43FF388781}"
EndProject
Project("{FAE04EC0-301F-11D3-BF4B-00C04F79EFBC}") = "EpicGames.Perforce", "..\..\GameDev\UE_5.8\Engine\Source\Programs\Shared\EpicGames.Perforce\EpicGames.Perforce.csproj", "{771511C3-010B-3980-9D56-48ECEEE75CFB}"
EndProject
Project("{FAE04EC0-301F-11D3-BF4B-00C04F79EFBC}") = "EpicGames.Core", "..\..\GameDev\UE_5.8\Engine\Source\Programs\Shared\EpicGames.Core\EpicGames.Core.csproj", "{486E43B2-EF04-379C-B2D7-FF8BC189C374}"
EndProject
Project("{FAE04EC0-301F-11D3-BF4B-00C04F79EFBC}") = "UnrealBuildTool", "..\..\GameDev\UE_5.8\Engine\Source\Programs\UnrealBuildTool\UnrealBuildTool.csproj", "{75D89525-2D3F-3366-AC12-CC63005A9FA7}"
EndProject
Project("{FAE04EC0-301F-11D3-BF4B-00C04F79EFBC}") = "EpicGames.Horde", "..\..\GameDev\UE_5.8\Engine\Source\Programs\Shared\EpicGames.Horde\EpicGames.Horde.csproj", "{28957F48-7AE7-3569-995A-F895137D8608}"
EndProject
Project("{FAE04EC0-301F-11D3-BF4B-00C04F79EFBC}") = "EpicGames.Serialization", "..\..\GameDev\UE_5.8\Engine\Source\Programs\Shared\EpicGames.Serialization\EpicGames.Serialization.csproj", "{8A8C8DAC-2E02-3CC0-AF76-9541E4E45EDC}"
EndProject
Project("{FAE04EC0-301F-11D3-BF4B-00C04F79EFBC}") = "EpicGames.IoHash", "..\..\GameDev\UE_5.8\Engine\Source\Programs\Shared\EpicGames.IoHash\EpicGames.IoHash.csproj", "{713733DB-8202-335A-B37D-A6901EFDE85A}"
EndProject
Project("{FAE04EC0-301F-11D3-BF4B-00C04F79EFBC}") = "EpicGames.Oodle", "..\..\GameDev\UE_5.8\Engine\Source\Programs\Shared\EpicGames.Oodle\EpicGames.Oodle.csproj", "{65EF8157-A44A-3221-ADFB-B08E099C8994}"
EndProject
Project("{FAE04EC0-301F-11D3-BF4B-00C04F79EFBC}") = "EpicGames.Analytics.Telemetry", "..\..\GameDev\UE_5.8\Engine\Source\Programs\Shared\EpicGames.Analytics.Telemetry\EpicGames.Analytics.Telemetry.csproj", "{A279F91F-2B9C-3AE4-BD80-E73AEA2C7750}"
EndProject
Project("{FAE04EC0-301F-11D3-BF4B-00C04F79EFBC}") = "EpicGames.MsBuild", "..\..\GameDev\UE_5.8\Engine\Source\Programs\Shared\EpicGames.MsBuild\EpicGames.MsBuild.csproj", "{23ABE787-F882-3216-B453-5F2A87BB474B}"
EndProject
Project("{FAE04EC0-301F-11D3-BF4B-00C04F79EFBC}") = "EpicGames.OIDC", "..\..\GameDev\UE_5.8\Engine\Source\Programs\Shared\EpicGames.OIDC\EpicGames.OIDC.csproj", "{871A06F8-552F-363D-817F-F3F896EEA58D}"
EndProject
Project("{FAE04EC0-301F-11D3-BF4B-00C04F79EFBC}") = "EpicGames.Perforce.Managed", "..\..\GameDev\UE_5.8\Engine\Source\Programs\Shared\EpicGames.Perforce.Managed\EpicGames.Perforce.Managed.csproj", "{1AC9E864-0676-3A6A-BDB9-119CE6885F1C}"
EndProject
Project("{FAE04EC0-301F-11D3-BF4B-00C04F79EFBC}") = "EpicGames.UBA", "..\..\GameDev\UE_5.8\Engine\Source\Programs\Shared\EpicGames.UBA\EpicGames.UBA.csproj", "{30DA4A9D-9EF9-3837-80D6-00FE44FEA618}"
EndProject
Project("{FAE04EC0-301F-11D3-BF4B-00C04F79EFBC}") = "EpicGames.UHT", "..\..\GameDev\UE_5.8\Engine\Source\Programs\Shared\EpicGames.UHT\EpicGames.UHT.csproj", "{EA300038-557B-3AC8-8868-2F87C4862A06}"
EndProject
Project("{FAE04EC0-301F-11D3-BF4B-00C04F79EFBC}") = "EpicGames.Perforce.Fixture", "..\..\GameDev\UE_5.8\Engine\Source\Programs\Shared\EpicGames.Perforce.Fixture\EpicGames.Perforce.Fixture.csproj", "{8F494B8B-3C3F-321D-9788-59FC84689BB9}"
EndProject
Project("{2150E333-8FDC-42A3-9474-1A3956D46DE8}") = "Tests", "Tests", "{63F96FAF-71A6-3DD6-AF0D-64B1504528FF}"
EndProject
Project("{FAE04EC0-301F-11D3-BF4B-00C04F79EFBC}") = "EpicGames.Perforce.Tests", "..\..\GameDev\UE_5.8\Engine\Source\Programs\Shared\EpicGames.Perforce.Tests\EpicGames.Perforce.Tests.csproj", "{5B33853F-8F89-3B38-B26D-823CDD791802}"
EndProject
Project("{FAE04EC0-301F-11D3-BF4B-00C04F79EFBC}") = "EpicGames.BuildGraph.Tests", "..\..\GameDev\UE_5.8\Engine\Source\Programs\Shared\EpicGames.BuildGraph.Tests\EpicGames.BuildGraph.Tests.csproj", "{A64EFD18-D74A-302D-9CA6-8254074B3A8A}"
EndProject
Project("{FAE04EC0-301F-11D3-BF4B-00C04F79EFBC}") = "EpicGames.LogMatchers.Tests", "..\..\GameDev\UE_5.8\Engine\Source\Programs\Shared\EpicGames.LogMatchers.Tests\EpicGames.LogMatchers.Tests.csproj", "{FA86E2B3-E71F-3026-A4B0-923CCD1FCA75}"
EndProject
Project("{FAE04EC0-301F-11D3-BF4B-00C04F79EFBC}") = "EpicGames.Build.Tests", "..\..\GameDev\UE_5.8\Engine\Source\Programs\Shared\EpicGames.Build.Tests\EpicGames.Build.Tests.csproj", "{6D8FCA2C-F621-3A5C-9CB8-9A27E7C8220D}"
EndProject
Project("{FAE04EC0-301F-11D3-BF4B-00C04F79EFBC}") = "EpicGames.Core.Tests", "..\..\GameDev\UE_5.8\Engine\Source\Programs\Shared\EpicGames.Core.Tests\EpicGames.Core.Tests.csproj", "{2CF2AEFD-390C-368A-8A61-F51B7144A528}"
EndProject
Project("{FAE04EC0-301F-11D3-BF4B-00C04F79EFBC}") = "EpicGames.Horde.Tests", "..\..\GameDev\UE_5.8\Engine\Source\Programs\Shared\EpicGames.Horde.Tests\EpicGames.Horde.Tests.csproj", "{02843CA0-5B14-3D9D-9587-D0B58282767F}"
EndProject
Project("{FAE04EC0-301F-11D3-BF4B-00C04F79EFBC}") = "EpicGames.IoHash.Tests", "..\..\GameDev\UE_5.8\Engine\Source\Programs\Shared\EpicGames.IoHash.Tests\EpicGames.IoHash.Tests.csproj", "{302D08A6-36BD-3381-8A49-B0FE4909D12C}"
EndProject
Project("{FAE04EC0-301F-11D3-BF4B-00C04F79EFBC}") = "EpicGames.Perforce.Managed.Tests", "..\..\GameDev\UE_5.8\Engine\Source\Programs\Shared\EpicGames.Perforce.Managed.Tests\EpicGames.Perforce.Managed.Tests.csproj", "{15A01DFC-FFFE-3756-9C8D-8E38B3599498}"
EndProject
Project("{FAE04EC0-301F-11D3-BF4B-00C04F79EFBC}") = "EpicGames.Serialization.Tests", "..\..\GameDev\UE_5.8\Engine\Source\Programs\Shared\EpicGames.Serialization.Tests\EpicGames.Serialization.Tests.csproj", "{E912C611-9B5E-3404-AE52-87B996F36781}"
EndProject
Global
	GlobalSection(SolutionConfigurationPlatforms) = preSolution
		Analyze|Any CPU = Analyze|Any CPU
		Debug|Any CPU = Debug|Any CPU
		Development|Any CPU = Development|Any CPU
		Release|Any CPU = Release|Any CPU
	EndGlobalSection
	GlobalSection(ProjectConfigurationPlatforms) = postSolution
		{09DAE5A3-DFA7-3846-9D94-C3DB0C9893E5}.Analyze|Any CPU.ActiveCfg = Analyze|Any CPU
		{09DAE5A3-DFA7-3846-9D94-C3DB0C9893E5}.Analyze|Any CPU.Build.0 = Analyze|Any CPU
		{09DAE5A3-DFA7-3846-9D94-C3DB0C9893E5}.Debug|Any CPU.ActiveCfg = Debug|Any CPU
		{09DAE5A3-DFA7-3846-9D94-C3DB0C9893E5}.Debug|Any CPU.Build.0 = Debug|Any CPU
		{09DAE5A3-DFA7-3846-9D94-C3DB0C9893E5}.Development|Any CPU.ActiveCfg = Development|Any CPU
		{09DAE5A3-DFA7-3846-9D94-C3DB0C9893E5}.Development|Any CPU.Build.0 = Development|Any CPU
		{09DAE5A3-DFA7-3846-9D94-C3DB0C9893E5}.Release|Any CPU.ActiveCfg = Release|Any CPU
		{09DAE5A3-DFA7-3846-9D94-C3DB0C9893E5}.Release|Any CPU.Build.0 = Release|Any CPU
		{55B398FE-B3FC-34B2-BB79-D463F002EA9C}.Analyze|Any CPU.ActiveCfg = Analyze|Any CPU
		{55B398FE-B3FC-34B2-BB79-D463F002EA9C}.Analyze|Any CPU.Build.0 = Analyze|Any CPU
		{55B398FE-B3FC-34B2-BB79-D463F002EA9C}.Debug|Any CPU.ActiveCfg = Debug|Any CPU
		{55B398FE-B3FC-34B2-BB79-D463F002EA9C}.Debug|Any CPU.Build.0 = Debug|Any CPU
		{55B398FE-B3FC-34B2-BB79-D463F002EA9C}.Development|Any CPU.ActiveCfg = Development|Any CPU
		{55B398FE-B3FC-34B2-BB79-D463F002EA9C}.Development|Any CPU.Build.0 = Development|Any CPU
		{55B398FE-B3FC-34B2-BB79-D463F002EA9C}.Release|Any CPU.ActiveCfg = Release|Any CPU
		{55B398FE-B3FC-34B2-BB79-D463F002EA9C}.Release|Any CPU.Build.0 = Release|Any CPU
		{0B021CA7-550F-3765-9065-93557A8865B4}.Analyze|Any CPU.ActiveCfg = Analyze|Any CPU
		{0B021CA7-550F-3765-9065-93557A8865B4}.Analyze|Any CPU.Build.0 = Analyze|Any CPU
		{0B021CA7-550F-3765-9065-93557A8865B4}.Debug|Any CPU.ActiveCfg = Debug|Any CPU
		{0B021CA7-550F-3765-9065-93557A8865B4}.Debug|Any CPU.Build.0 = Debug|Any CPU
		{0B021CA7-550F-3765-9065-93557A8865B4}.Development|Any CPU.ActiveCfg = Development|Any CPU
		{0B021CA7-550F-3765-9065-93557A8865B4}.Development|Any CPU.Build.0 = Development|Any CPU
		{0B021CA7-550F-3765-9065-93557A8865B4}.Release|Any CPU.ActiveCfg = Release|Any CPU
		{0B021CA7-550F-3765-9065-93557A8865B4}.Release|Any CPU.Build.0 = Release|Any CPU
		{C27D25EE-D519-3D29-BE4A-5E828288751E}.Analyze|Any CPU.ActiveCfg = Analyze|Any CPU
		{C27D25EE-D519-3D29-BE4A-5E828288751E}.Analyze|Any CPU.Build.0 = Analyze|Any CPU
		{C27D25EE-D519-3D29-BE4A-5E828288751E}.Debug|Any CPU.ActiveCfg = Debug|Any CPU
		{C27D25EE-D519-3D29-BE4A-5E828288751E}.Debug|Any CPU.Build.0 = Debug|Any CPU
		{C27D25EE-D519-3D29-BE4A-5E828288751E}.Development|Any CPU.ActiveCfg = Development|Any CPU
		{C27D25EE-D519-3D29-BE4A-5E828288751E}.Development|Any CPU.Build.0 = Development|Any CPU
		{C27D25EE-D519-3D29-BE4A-5E828288751E}.Release|Any CPU.ActiveCfg = Release|Any CPU
		{C27D25EE-D519-3D29-BE4A-5E828288751E}.Release|Any CPU.Build.0 = Release|Any CPU
		{BBB17888-F786-3208-BD27-465DC8575699}.Analyze|Any CPU.ActiveCfg = Analyze|Any CPU
		{BBB17888-F786-3208-BD27-465DC8575699}.Analyze|Any CPU.Build.0 = Analyze|Any CPU
		{BBB17888-F786-3208-BD27-465DC8575699}.Debug|Any CPU.ActiveCfg = Debug|Any CPU
		{BBB17888-F786-3208-BD27-465DC8575699}.Debug|Any CPU.Build.0 = Debug|Any CPU
		{BBB17888-F786-3208-BD27-465DC8575699}.Development|Any CPU.ActiveCfg = Development|Any CPU
		{BBB17888-F786-3208-BD27-465DC8575699}.Development|Any CPU.Build.0 = Development|Any CPU
		{BBB17888-F786-3208-BD27-465DC8575699}.Release|Any CPU.ActiveCfg = Release|Any CPU
		{BBB17888-F786-3208-BD27-465DC8575699}.Release|Any CPU.Build.0 = Release|Any CPU
		{DB65F520-B7D6-3A80-92F2-ADF2A1EE2772}.Analyze|Any CPU.ActiveCfg = Analyze|Any CPU
		{DB65F520-B7D6-3A80-92F2-ADF2A1EE2772}.Analyze|Any CPU.Build.0 = Analyze|Any CPU
		{DB65F520-B7D6-3A80-92F2-ADF2A1EE2772}.Debug|Any CPU.ActiveCfg = Debug|Any CPU
		{DB65F520-B7D6-3A80-92F2-ADF2A1EE2772}.Debug|Any CPU.Build.0 = Debug|Any CPU
		{DB65F520-B7D6-3A80-92F2-ADF2A1EE2772}.Development|Any CPU.ActiveCfg = Development|Any CPU
		{DB65F520-B7D6-3A80-92F2-ADF2A1EE2772}.Development|Any CPU.Build.0 = Development|Any CPU
		{DB65F520-B7D6-3A80-92F2-ADF2A1EE2772}.Release|Any CPU.ActiveCfg = Release|Any CPU
		{DB65F520-B7D6-3A80-92F2-ADF2A1EE2772}.Release|Any CPU.Build.0 = Release|Any CPU
		{5DD63C73-FEAF-3B28-BDE7-4279644F25F2}.Analyze|Any CPU.ActiveCfg = Analyze|Any CPU
		{5DD63C73-FEAF-3B28-BDE7-4279644F25F2}.Analyze|Any CPU.Build.0 = Analyze|Any CPU
		{5DD63C73-FEAF-3B28-BDE7-4279644F25F2}.Debug|Any CPU.ActiveCfg = Debug|Any CPU
		{5DD63C73-FEAF-3B28-BDE7-4279644F25F2}.Debug|Any CPU.Build.0 = Debug|Any CPU
		{5DD63C73-FEAF-3B28-BDE7-4279644F25F2}.Development|Any CPU.ActiveCfg = Development|Any CPU
		{5DD63C73-FEAF-3B28-BDE7-4279644F25F2}.Development|Any CPU.Build.0 = Development|Any CPU
		{5DD63C73-FEAF-3B28-BDE7-4279644F25F2}.Release|Any CPU.ActiveCfg = Release|Any CPU
		{5DD63C73-FEAF-3B28-BDE7-4279644F25F2}.Release|Any CPU.Build.0 = Release|Any CPU
		{A5C134DA-AA47-3CB3-9152-1C4134484AD2}.Analyze|Any CPU.ActiveCfg = Analyze|Any CPU
		{A5C134DA-AA47-3CB3-9152-1C4134484AD2}.Analyze|Any CPU.Build.0 = Analyze|Any CPU
		{A5C134DA-AA47-3CB3-9152-1C4134484AD2}.Debug|Any CPU.ActiveCfg = Debug|Any CPU
		{A5C134DA-AA47-3CB3-9152-1C4134484AD2}.Debug|Any CPU.Build.0 = Debug|Any CPU
		{A5C134DA-AA47-3CB3-9152-1C4134484AD2}.Development|Any CPU.ActiveCfg = Development|Any CPU
		{A5C134DA-AA47-3CB3-9152-1C4134484AD2}.Development|Any CPU.Build.0 = Development|Any CPU
		{A5C134DA-AA47-3CB3-9152-1C4134484AD2}.Release|Any CPU.ActiveCfg = Release|Any CPU
		{A5C134DA-AA47-3CB3-9152-1C4134484AD2}.Release|Any CPU.Build.0 = Release|Any CPU
		{A6B3EF72-7389-3C3F-A6B5-BF2587D6B29A}.Analyze|Any CPU.ActiveCfg = Analyze|Any CPU
		{A6B3EF72-7389-3C3F-A6B5-BF2587D6B29A}.Analyze|Any CPU.Build.0 = Analyze|Any CPU
		{A6B3EF72-7389-3C3F-A6B5-BF2587D6B29A}.Debug|Any CPU.ActiveCfg = Debug|Any CPU
		{A6B3EF72-7389-3C3F-A6B5-BF2587D6B29A}.Debug|Any CPU.Build.0 = Debug|Any CPU
		{A6B3EF72-7389-3C3F-A6B5-BF2587D6B29A}.Development|Any CPU.ActiveCfg = Development|Any CPU
		{A6B3EF72-7389-3C3F-A6B5-BF2587D6B29A}.Development|Any CPU.Build.0 = Development|Any CPU
		{A6B3EF72-7389-3C3F-A6B5-BF2587D6B29A}.Release|Any CPU.ActiveCfg = Release|Any CPU
		{A6B3EF72-7389-3C3F-A6B5-BF2587D6B29A}.Release|Any CPU.Build.0 = Release|Any CPU
		{C24811C5-5A63-39EC-A204-6A7BB70F5DA7}.Analyze|Any CPU.ActiveCfg = Analyze|Any CPU
		{C24811C5-5A63-39EC-A204-6A7BB70F5DA7}.Analyze|Any CPU.Build.0 = Analyze|Any CPU
		{C24811C5-5A63-39EC-A204-6A7BB70F5DA7}.Debug|Any CPU.ActiveCfg = Debug|Any CPU
		{C24811C5-5A63-39EC-A204-6A7BB70F5DA7}.Debug|Any CPU.Build.0 = Debug|Any CPU
		{C24811C5-5A63-39EC-A204-6A7BB70F5DA7}.Development|Any CPU.ActiveCfg = Development|Any CPU
		{C24811C5-5A63-39EC-A204-6A7BB70F5DA7}.Development|Any CPU.Build.0 = Development|Any CPU
		{C24811C5-5A63-39EC-A204-6A7BB70F5DA7}.Release|Any CPU.ActiveCfg = Release|Any CPU
		{C24811C5-5A63-39EC-A204-6A7BB70F5DA7}.Release|Any CPU.Build.0 = Release|Any CPU
		{8A548351-2127-310B-8004-6BFF11FB9084}.Analyze|Any CPU.ActiveCfg = Analyze|Any CPU
		{8A548351-2127-310B-8004-6BFF11FB9084}.Analyze|Any CPU.Build.0 = Analyze|Any CPU
		{8A548351-2127-310B-8004-6BFF11FB9084}.Debug|Any CPU.ActiveCfg = Debug|Any CPU
		{8A548351-2127-310B-8004-6BFF11FB9084}.Debug|Any CPU.Build.0 = Debug|Any CPU
		{8A548351-2127-310B-8004-6BFF11FB9084}.Development|Any CPU.ActiveCfg = Development|Any CPU
		{8A548351-2127-310B-8004-6BFF11FB9084}.Development|Any CPU.Build.0 = Development|Any CPU
		{8A548351-2127-310B-8004-6BFF11FB9084}.Release|Any CPU.ActiveCfg = Release|Any CPU
		{8A548351-2127-310B-8004-6BFF11FB9084}.Release|Any CPU.Build.0 = Release|Any CPU
		{12B73EB6-EFAF-3C75-BB19-B2BC75D20D84}.Analyze|Any CPU.ActiveCfg = Analyze|Any CPU
		{12B73EB6-EFAF-3C75-BB19-B2BC75D20D84}.Analyze|Any CPU.Build.0 = Analyze|Any CPU
		{12B73EB6-EFAF-3C75-BB19-B2BC75D20D84}.Debug|Any CPU.ActiveCfg = Debug|Any CPU
		{12B73EB6-EFAF-3C75-BB19-B2BC75D20D84}.Debug|Any CPU.Build.0 = Debug|Any CPU
		{12B73EB6-EFAF-3C75-BB19-B2BC75D20D84}.Development|Any CPU.ActiveCfg = Development|Any CPU
		{12B73EB6-EFAF-3C75-BB19-B2BC75D20D84}.Development|Any CPU.Build.0 = Development|Any CPU
		{12B73EB6-EFAF-3C75-BB19-B2BC75D20D84}.Release|Any CPU.ActiveCfg = Release|Any CPU
		{12B73EB6-EFAF-3C75-BB19-B2BC75D20D84}.Release|Any CPU.Build.0 = Release|Any CPU
		{C721FA55-CBAD-3BA2-94D1-4718ECF740BF}.Analyze|Any CPU.ActiveCfg = Analyze|Any CPU
		{C721FA55-CBAD-3BA2-94D1-4718ECF740BF}.Analyze|Any CPU.Build.0 = Analyze|Any CPU
		{C721FA55-CBAD-3BA2-94D1-4718ECF740BF}.Debug|Any CPU.ActiveCfg = Debug|Any CPU
		{C721FA55-CBAD-3BA2-94D1-4718ECF740BF}.Debug|Any CPU.Build.0 = Debug|Any CPU
		{C721FA55-CBAD-3BA2-94D1-4718ECF740BF}.Development|Any CPU.ActiveCfg = Development|Any CPU
		{C721FA55-CBAD-3BA2-94D1-4718ECF740BF}.Development|Any CPU.Build.0 = Development|Any CPU
		{C721FA55-CBAD-3BA2-94D1-4718ECF740BF}.Release|Any CPU.ActiveCfg = Release|Any CPU
		{C721FA55-CBAD-3BA2-94D1-4718ECF740BF}.Release|Any CPU.Build.0 = Release|Any CPU
		{8EC328E2-45E0-3A20-81EC-D823B2555673}.Analyze|Any CPU.ActiveCfg = Analyze|Any CPU
		{8EC328E2-45E0-3A20-81EC-D823B2555673}.Analyze|Any CPU.Build.0 = Analyze|Any CPU
		{8EC328E2-45E0-3A20-81EC-D823B2555673}.Debug|Any CPU.ActiveCfg = Debug|Any CPU
		{8EC328E2-45E0-3A20-81EC-D823B2555673}.Debug|Any CPU.Build.0 = Debug|Any CPU
		{8EC328E2-45E0-3A20-81EC-D823B2555673}.Development|Any CPU.ActiveCfg = Development|Any CPU
		{8EC328E2-45E0-3A20-81EC-D823B2555673}.Development|Any CPU.Build.0 = Development|Any CPU
		{8EC328E2-45E0-3A20-81EC-D823B2555673}.Release|Any CPU.ActiveCfg = Release|Any CPU
		{8EC328E2-45E0-3A20-81EC-D823B2555673}.Release|Any CPU.Build.0 = Release|Any CPU
		{ADB4A691-F033-3661-82F7-123ACE34AD74}.Analyze|Any CPU.ActiveCfg = Analyze|Any CPU
		{ADB4A691-F033-3661-82F7-123ACE34AD74}.Analyze|Any CPU.Build.0 = Analyze|Any CPU
		{ADB4A691-F033-3661-82F7-123ACE34AD74}.Debug|Any CPU.ActiveCfg = Debug|Any CPU
		{ADB4A691-F033-3661-82F7-123ACE34AD74}.Debug|Any CPU.Build.0 = Debug|Any CPU
		{ADB4A691-F033-3661-82F7-123ACE34AD74}.Development|Any CPU.ActiveCfg = Development|Any CPU
		{ADB4A691-F033-3661-82F7-123ACE34AD74}.Development|Any CPU.Build.0 = Development|Any CPU
		{ADB4A691-F033-3661-82F7-123ACE34AD74}.Release|Any CPU.ActiveCfg = Release|Any CPU
		{ADB4A691-F033-3661-82F7-123ACE34AD74}.Release|Any CPU.Build.0 = Release|Any CPU
		{099D42D2-C20C-3A44-990D-53F5C8FCA30C}.Analyze|Any CPU.ActiveCfg = Analyze|Any CPU
		{099D42D2-C20C-3A44-990D-53F5C8FCA30C}.Analyze|Any CPU.Build.0 = Analyze|Any CPU
		{099D42D2-C20C-3A44-990D-53F5C8FCA30C}.Debug|Any CPU.ActiveCfg = Debug|Any CPU
		{099D42D2-C20C-3A44-990D-53F5C8FCA30C}.Debug|Any CPU.Build.0 = Debug|Any CPU
		{099D42D2-C20C-3A44-990D-53F5C8FCA30C}.Development|Any CPU.ActiveCfg = Development|Any CPU
		{099D42D2-C20C-3A44-990D-53F5C8FCA30C}.Development|Any CPU.Build.0 = Development|Any CPU
		{099D42D2-C20C-3A44-990D-53F5C8FCA30C}.Release|Any CPU.ActiveCfg = Release|Any CPU
		{099D42D2-C20C-3A44-990D-53F5C8FCA30C}.Release|Any CPU.Build.0 = Release|Any CPU
		{C4284018-1B53-33DC-8A3A-A2438D3B3A8D}.Analyze|Any CPU.ActiveCfg = Analyze|Any CPU
		{C4284018-1B53-33DC-8A3A-A2438D3B3A8D}.Analyze|Any CPU.Build.0 = Analyze|Any CPU
		{C4284018-1B53-33DC-8A3A-A2438D3B3A8D}.Debug|Any CPU.ActiveCfg = Debug|Any CPU
		{C4284018-1B53-33DC-8A3A-A2438D3B3A8D}.Debug|Any CPU.Build.0 = Debug|Any CPU
		{C4284018-1B53-33DC-8A3A-A2438D3B3A8D}.Development|Any CPU.ActiveCfg = Development|Any CPU
		{C4284018-1B53-33DC-8A3A-A2438D3B3A8D}.Development|Any CPU.Build.0 = Development|Any CPU
		{C4284018-1B53-33DC-8A3A-A2438D3B3A8D}.Release|Any CPU.ActiveCfg = Release|Any CPU
		{C4284018-1B53-33DC-8A3A-A2438D3B3A8D}.Release|Any CPU.Build.0 = Release|Any CPU
		{66D1F533-FA1D-381A-A8AF-5F9FA5DEAC14}.Analyze|Any CPU.ActiveCfg = Analyze|Any CPU
		{66D1F533-FA1D-381A-A8AF-5F9FA5DEAC14}.Analyze|Any CPU.Build.0 = Analyze|Any CPU
		{66D1F533-FA1D-381A-A8AF-5F9FA5DEAC14}.Debug|Any CPU.ActiveCfg = Debug|Any CPU
		{66D1F533-FA1D-381A-A8AF-5F9FA5DEAC14}.Debug|Any CPU.Build.0 = Debug|Any CPU
		{66D1F533-FA1D-381A-A8AF-5F9FA5DEAC14}.Development|Any CPU.ActiveCfg = Development|Any CPU
		{66D1F533-FA1D-381A-A8AF-5F9FA5DEAC14}.Development|Any CPU.Build.0 = Development|Any CPU
		{66D1F533-FA1D-381A-A8AF-5F9FA5DEAC14}.Release|Any CPU.ActiveCfg = Release|Any CPU
		{66D1F533-FA1D-381A-A8AF-5F9FA5DEAC14}.Release|Any CPU.Build.0 = Release|Any CPU
		{A451955F-C2EE-31CE-A37C-5D61FBC3C060}.Analyze|Any CPU.ActiveCfg = Analyze|Any CPU
		{A451955F-C2EE-31CE-A37C-5D61FBC3C060}.Analyze|Any CPU.Build.0 = Analyze|Any CPU
		{A451955F-C2EE-31CE-A37C-5D61FBC3C060}.Debug|Any CPU.ActiveCfg = Debug|Any CPU
		{A451955F-C2EE-31CE-A37C-5D61FBC3C060}.Debug|Any CPU.Build.0 = Debug|Any CPU
		{A451955F-C2EE-31CE-A37C-5D61FBC3C060}.Development|Any CPU.ActiveCfg = Development|Any CPU
		{A451955F-C2EE-31CE-A37C-5D61FBC3C060}.Development|Any CPU.Build.0 = Development|Any CPU
		{A451955F-C2EE-31CE-A37C-5D61FBC3C060}.Release|Any CPU.ActiveCfg = Release|Any CPU
		{A451955F-C2EE-31CE-A37C-5D61FBC3C060}.Release|Any CPU.Build.0 = Release|Any CPU
		{A4EBCF56-C5C6-317F-A5C5-266A36BBD2E6}.Analyze|Any CPU.ActiveCfg = Analyze|Any CPU
		{A4EBCF56-C5C6-317F-A5C5-266A36BBD2E6}.Analyze|Any CPU.Build.0 = Analyze|Any CPU
		{A4EBCF56-C5C6-317F-A5C5-266A36BBD2E6}.Debug|Any CPU.ActiveCfg = Debug|Any CPU
		{A4EBCF56-C5C6-317F-A5C5-266A36BBD2E6}.Debug|Any CPU.Build.0 = Debug|Any CPU
		{A4EBCF56-C5C6-317F-A5C5-266A36BBD2E6}.Development|Any CPU.ActiveCfg = Development|Any CPU
		{A4EBCF56-C5C6-317F-A5C5-266A36BBD2E6}.Development|Any CPU.Build.0 = Development|Any CPU
		{A4EBCF56-C5C6-317F-A5C5-266A36BBD2E6}.Release|Any CPU.ActiveCfg = Release|Any CPU
		{A4EBCF56-C5C6-317F-A5C5-266A36BBD2E6}.Release|Any CPU.Build.0 = Release|Any CPU
		{C35E0AA6-9A6E-3CD3-B5FC-AF9CDC776192}.Analyze|Any CPU.ActiveCfg = Analyze|Any CPU
		{C35E0AA6-9A6E-3CD3-B5FC-AF9CDC776192}.Analyze|Any CPU.Build.0 = Analyze|Any CPU
		{C35E0AA6-9A6E-3CD3-B5FC-AF9CDC776192}.Debug|Any CPU.ActiveCfg = Debug|Any CPU
		{C35E0AA6-9A6E-3CD3-B5FC-AF9CDC776192}.Debug|Any CPU.Build.0 = Debug|Any CPU
		{C35E0AA6-9A6E-3CD3-B5FC-AF9CDC776192}.Development|Any CPU.ActiveCfg = Development|Any CPU
		{C35E0AA6-9A6E-3CD3-B5FC-AF9CDC776192}.Development|Any CPU.Build.0 = Development|Any CPU
		{C35E0AA6-9A6E-3CD3-B5FC-AF9CDC776192}.Release|Any CPU.ActiveCfg = Release|Any CPU
		{C35E0AA6-9A6E-3CD3-B5FC-AF9CDC776192}.Release|Any CPU.Build.0 = Release|Any CPU
		{23A33CCE-E94C-371E-8183-37E13447EB3D}.Analyze|Any CPU.ActiveCfg = Analyze|Any CPU
		{23A33CCE-E94C-371E-8183-37E13447EB3D}.Analyze|Any CPU.Build.0 = Analyze|Any CPU
		{23A33CCE-E94C-371E-8183-37E13447EB3D}.Debug|Any CPU.ActiveCfg = Debug|Any CPU
		{23A33CCE-E94C-371E-8183-37E13447EB3D}.Debug|Any CPU.Build.0 = Debug|Any CPU
		{23A33CCE-E94C-371E-8183-37E13447EB3D}.Development|Any CPU.ActiveCfg = Development|Any CPU
		{23A33CCE-E94C-371E-8183-37E13447EB3D}.Development|Any CPU.Build.0 = Development|Any CPU
		{23A33CCE-E94C-371E-8183-37E13447EB3D}.Release|Any CPU.ActiveCfg = Release|Any CPU
		{23A33CCE-E94C-371E-8183-37E13447EB3D}.Release|Any CPU.Build.0 = Release|Any CPU
		{21ED9BA3-0DA0-3574-B26E-6CEBAA5F081E}.Analyze|Any CPU.ActiveCfg = Analyze|Any CPU
		{21ED9BA3-0DA0-3574-B26E-6CEBAA5F081E}.Analyze|Any CPU.Build.0 = Analyze|Any CPU
		{21ED9BA3-0DA0-3574-B26E-6CEBAA5F081E}.Debug|Any CPU.ActiveCfg = Debug|Any CPU
		{21ED9BA3-0DA0-3574-B26E-6CEBAA5F081E}.Debug|Any CPU.Build.0 = Debug|Any CPU
		{21ED9BA3-0DA0-3574-B26E-6CEBAA5F081E}.Development|Any CPU.ActiveCfg = Development|Any CPU
		{21ED9BA3-0DA0-3574-B26E-6CEBAA5F081E}.Development|Any CPU.Build.0 = Development|Any CPU
		{21ED9BA3-0DA0-3574-B26E-6CEBAA5F081E}.Release|Any CPU.ActiveCfg = Release|Any CPU
		{21ED9BA3-0DA0-3574-B26E-6CEBAA5F081E}.Release|Any CPU.Build.0 = Release|Any CPU
		{17D16741-B2CC-3E0A-804F-3F5EBD1B019C}.Analyze|Any CPU.ActiveCfg = Analyze|Any CPU
		{17D16741-B2CC-3E0A-804F-3F5EBD1B019C}.Analyze|Any CPU.Build.0 = Analyze|Any CPU
		{17D16741-B2CC-3E0A-804F-3F5EBD1B019C}.Debug|Any CPU.ActiveCfg = Debug|Any CPU
		{17D16741-B2CC-3E0A-804F-3F5EBD1B019C}.Debug|Any CPU.Build.0 = Debug|Any CPU
		{17D16741-B2CC-3E0A-804F-3F5EBD1B019C}.Development|Any CPU.ActiveCfg = Development|Any CPU
		{17D16741-B2CC-3E0A-804F-3F5EBD1B019C}.Development|Any CPU.Build.0 = Development|Any CPU
		{17D16741-B2CC-3E0A-804F-3F5EBD1B019C}.Release|Any CPU.ActiveCfg = Release|Any CPU
		{17D16741-B2CC-3E0A-804F-3F5EBD1B019C}.Release|Any CPU.Build.0 = Release|Any CPU
		{87A14A6A-0CCF-3211-95D9-ACC0E4D129D1}.Analyze|Any CPU.ActiveCfg = Analyze|Any CPU
		{87A14A6A-0CCF-3211-95D9-ACC0E4D129D1}.Analyze|Any CPU.Build.0 = Analyze|Any CPU
		{87A14A6A-0CCF-3211-95D9-ACC0E4D129D1}.Debug|Any CPU.ActiveCfg = Debug|Any CPU
		{87A14A6A-0CCF-3211-95D9-ACC0E4D129D1}.Debug|Any CPU.Build.0 = Debug|Any CPU
		{87A14A6A-0CCF-3211-95D9-ACC0E4D129D1}.Development|Any CPU.ActiveCfg = Development|Any CPU
		{87A14A6A-0CCF-3211-95D9-ACC0E4D129D1}.Development|Any CPU.Build.0 = Development|Any CPU
		{87A14A6A-0CCF-3211-95D9-ACC0E4D129D1}.Release|Any CPU.ActiveCfg = Release|Any CPU
		{87A14A6A-0CCF-3211-95D9-ACC0E4D129D1}.Release|Any CPU.Build.0 = Release|Any CPU
		{CE3BE4F5-F2F1-39B8-A3AE-5CF77E285AA6}.Analyze|Any CPU.ActiveCfg = Analyze|Any CPU
		{CE3BE4F5-F2F1-39B8-A3AE-5CF77E285AA6}.Analyze|Any CPU.Build.0 = Analyze|Any CPU
		{CE3BE4F5-F2F1-39B8-A3AE-5CF77E285AA6}.Debug|Any CPU.ActiveCfg = Debug|Any CPU
		{CE3BE4F5-F2F1-39B8-A3AE-5CF77E285AA6}.Debug|Any CPU.Build.0 = Debug|Any CPU
		{CE3BE4F5-F2F1-39B8-A3AE-5CF77E285AA6}.Development|Any CPU.ActiveCfg = Development|Any CPU
		{CE3BE4F5-F2F1-39B8-A3AE-5CF77E285AA6}.Development|Any CPU.Build.0 = Development|Any CPU
		{CE3BE4F5-F2F1-39B8-A3AE-5CF77E285AA6}.Release|Any CPU.ActiveCfg = Release|Any CPU
		{CE3BE4F5-F2F1-39B8-A3AE-5CF77E285AA6}.Release|Any CPU.Build.0 = Release|Any CPU
		{8DF01BEE-AED8-3E45-95B3-BD1C1BB3F2E5}.Analyze|Any CPU.ActiveCfg = Analyze|Any CPU
		{8DF01BEE-AED8-3E45-95B3-BD1C1BB3F2E5}.Analyze|Any CPU.Build.0 = Analyze|Any CPU
		{8DF01BEE-AED8-3E45-95B3-BD1C1BB3F2E5}.Debug|Any CPU.ActiveCfg = Debug|Any CPU
		{8DF01BEE-AED8-3E45-95B3-BD1C1BB3F2E5}.Debug|Any CPU.Build.0 = Debug|Any CPU
		{8DF01BEE-AED8-3E45-95B3-BD1C1BB3F2E5}.Development|Any CPU.ActiveCfg = Development|Any CPU
		{8DF01BEE-AED8-3E45-95B3-BD1C1BB3F2E5}.Development|Any CPU.Build.0 = Development|Any CPU
		{8DF01BEE-AED8-3E45-95B3-BD1C1BB3F2E5}.Release|Any CPU.ActiveCfg = Release|Any CPU
		{8DF01BEE-AED8-3E45-95B3-BD1C1BB3F2E5}.Release|Any CPU.Build.0 = Release|Any CPU
		{00D8EE79-BD3F-3033-89B8-3D94D72DBFF4}.Analyze|Any CPU.ActiveCfg = Analyze|Any CPU
		{00D8EE79-BD3F-3033-89B8-3D94D72DBFF4}.Analyze|Any CPU.Build.0 = Analyze|Any CPU
		{00D8EE79-BD3F-3033-89B8-3D94D72DBFF4}.Debug|Any CPU.ActiveCfg = Debug|Any CPU
		{00D8EE79-BD3F-3033-89B8-3D94D72DBFF4}.Debug|Any CPU.Build.0 = Debug|Any CPU
		{00D8EE79-BD3F-3033-89B8-3D94D72DBFF4}.Development|Any CPU.ActiveCfg = Development|Any CPU
		{00D8EE79-BD3F-3033-89B8-3D94D72DBFF4}.Development|Any CPU.Build.0 = Development|Any CPU
		{00D8EE79-BD3F-3033-89B8-3D94D72DBFF4}.Release|Any CPU.ActiveCfg = Release|Any CPU
		{00D8EE79-BD3F-3033-89B8-3D94D72DBFF4}.Release|Any CPU.Build.0 = Release|Any CPU
		{E4AA8DBE-7C30-3529-99C7-F6CA79E0F6B4}.Analyze|Any CPU.ActiveCfg = Analyze|Any CPU
		{E4AA8DBE-7C30-3529-99C7-F6CA79E0F6B4}.Analyze|Any CPU.Build.0 = Analyze|Any CPU
		{E4AA8DBE-7C30-3529-99C7-F6CA79E0F6B4}.Debug|Any CPU.ActiveCfg = Debug|Any CPU
		{E4AA8DBE-7C30-3529-99C7-F6CA79E0F6B4}.Debug|Any CPU.Build.0 = Debug|Any CPU
		{E4AA8DBE-7C30-3529-99C7-F6CA79E0F6B4}.Development|Any CPU.ActiveCfg = Development|Any CPU
		{E4AA8DBE-7C30-3529-99C7-F6CA79E0F6B4}.Development|Any CPU.Build.0 = Development|Any CPU
		{E4AA8DBE-7C30-3529-99C7-F6CA79E0F6B4}.Release|Any CPU.ActiveCfg = Release|Any CPU
		{E4AA8DBE-7C30-3529-99C7-F6CA79E0F6B4}.Release|Any CPU.Build.0 = Release|Any CPU
		{90EAB0D5-6141-3D56-AE01-2D43FF388781}.Analyze|Any CPU.ActiveCfg = Analyze|Any CPU
		{90EAB0D5-6141-3D56-AE01-2D43FF388781}.Analyze|Any CPU.Build.0 = Analyze|Any CPU
		{90EAB0D5-6141-3D56-AE01-2D43FF388781}.Debug|Any CPU.ActiveCfg = Debug|Any CPU
		{90EAB0D5-6141-3D56-AE01-2D43FF388781}.Debug|Any CPU.Build.0 = Debug|Any CPU
		{90EAB0D5-6141-3D56-AE01-2D43FF388781}.Development|Any CPU.ActiveCfg = Development|Any CPU
		{90EAB0D5-6141-3D56-AE01-2D43FF388781}.Development|Any CPU.Build.0 = Development|Any CPU
		{90EAB0D5-6141-3D56-AE01-2D43FF388781}.Release|Any CPU.ActiveCfg = Release|Any CPU
		{90EAB0D5-6141-3D56-AE01-2D43FF388781}.Release|Any CPU.Build.0 = Release|Any CPU
		{771511C3-010B-3980-9D56-48ECEEE75CFB}.Analyze|Any CPU.ActiveCfg = Analyze|Any CPU
		{771511C3-010B-3980-9D56-48ECEEE75CFB}.Analyze|Any CPU.Build.0 = Analyze|Any CPU
		{771511C3-010B-3980-9D56-48ECEEE75CFB}.Debug|Any CPU.ActiveCfg = Debug|Any CPU
		{771511C3-010B-3980-9D56-48ECEEE75CFB}.Debug|Any CPU.Build.0 = Debug|Any CPU
		{771511C3-010B-3980-9D56-48ECEEE75CFB}.Development|Any CPU.ActiveCfg = Development|Any CPU
		{771511C3-010B-3980-9D56-48ECEEE75CFB}.Development|Any CPU.Build.0 = Development|Any CPU
		{771511C3-010B-3980-9D56-48ECEEE75CFB}.Release|Any CPU.ActiveCfg = Release|Any CPU
		{771511C3-010B-3980-9D56-48ECEEE75CFB}.Release|Any CPU.Build.0 = Release|Any CPU
		{486E43B2-EF04-379C-B2D7-FF8BC189C374}.Analyze|Any CPU.ActiveCfg = Analyze|Any CPU
		{486E43B2-EF04-379C-B2D7-FF8BC189C374}.Analyze|Any CPU.Build.0 = Analyze|Any CPU
		{486E43B2-EF04-379C-B2D7-FF8BC189C374}.Debug|Any CPU.ActiveCfg = Debug|Any CPU
		{486E43B2-EF04-379C-B2D7-FF8BC189C374}.Debug|Any CPU.Build.0 = Debug|Any CPU
		{486E43B2-EF04-379C-B2D7-FF8BC189C374}.Development|Any CPU.ActiveCfg = Development|Any CPU
		{486E43B2-EF04-379C-B2D7-FF8BC189C374}.Development|Any CPU.Build.0 = Development|Any CPU
		{486E43B2-EF04-379C-B2D7-FF8BC189C374}.Release|Any CPU.ActiveCfg = Release|Any CPU
		{486E43B2-EF04-379C-B2D7-FF8BC189C374}.Release|Any CPU.Build.0 = Release|Any CPU
		{75D89525-2D3F-3366-AC12-CC63005A9FA7}.Analyze|Any CPU.ActiveCfg = Analyze|Any CPU
		{75D89525-2D3F-3366-AC12-CC63005A9FA7}.Analyze|Any CPU.Build.0 = Analyze|Any CPU
		{75D89525-2D3F-3366-AC12-CC63005A9FA7}.Debug|Any CPU.ActiveCfg = Debug|Any CPU
		{75D89525-2D3F-3366-AC12-CC63005A9FA7}.Debug|Any CPU.Build.0 = Debug|Any CPU
		{75D89525-2D3F-3366-AC12-CC63005A9FA7}.Development|Any CPU.ActiveCfg = Development|Any CPU
		{75D89525-2D3F-3366-AC12-CC63005A9FA7}.Development|Any CPU.Build.0 = Development|Any CPU
		{75D89525-2D3F-3366-AC12-CC63005A9FA7}.Release|Any CPU.ActiveCfg = Release|Any CPU
		{75D89525-2D3F-3366-AC12-CC63005A9FA7}.Release|Any CPU.Build.0 = Release|Any CPU
		{28957F48-7AE7-3569-995A-F895137D8608}.Analyze|Any CPU.ActiveCfg = Analyze|Any CPU
		{28957F48-7AE7-3569-995A-F895137D8608}.Analyze|Any CPU.Build.0 = Analyze|Any CPU
		{28957F48-7AE7-3569-995A-F895137D8608}.Debug|Any CPU.ActiveCfg = Debug|Any CPU
		{28957F48-7AE7-3569-995A-F895137D8608}.Debug|Any CPU.Build.0 = Debug|Any CPU
		{28957F48-7AE7-3569-995A-F895137D8608}.Development|Any CPU.ActiveCfg = Development|Any CPU
		{28957F48-7AE7-3569-995A-F895137D8608}.Development|Any CPU.Build.0 = Development|Any CPU
		{28957F48-7AE7-3569-995A-F895137D8608}.Release|Any CPU.ActiveCfg = Release|Any CPU
		{28957F48-7AE7-3569-995A-F895137D8608}.Release|Any CPU.Build.0 = Release|Any CPU
		{8A8C8DAC-2E02-3CC0-AF76-9541E4E45EDC}.Analyze|Any CPU.ActiveCfg = Analyze|Any CPU
		{8A8C8DAC-2E02-3CC0-AF76-9541E4E45EDC}.Analyze|Any CPU.Build.0 = Analyze|Any CPU
		{8A8C8DAC-2E02-3CC0-AF76-9541E4E45EDC}.Debug|Any CPU.ActiveCfg = Debug|Any CPU
		{8A8C8DAC-2E02-3CC0-AF76-9541E4E45EDC}.Debug|Any CPU.Build.0 = Debug|Any CPU
		{8A8C8DAC-2E02-3CC0-AF76-9541E4E45EDC}.Development|Any CPU.ActiveCfg = Development|Any CPU
		{8A8C8DAC-2E02-3CC0-AF76-9541E4E45EDC}.Development|Any CPU.Build.0 = Development|Any CPU
		{8A8C8DAC-2E02-3CC0-AF76-9541E4E45EDC}.Release|Any CPU.ActiveCfg = Release|Any CPU
		{8A8C8DAC-2E02-3CC0-AF76-9541E4E45EDC}.Release|Any CPU.Build.0 = Release|Any CPU
		{713733DB-8202-335A-B37D-A6901EFDE85A}.Analyze|Any CPU.ActiveCfg = Analyze|Any CPU
		{713733DB-8202-335A-B37D-A6901EFDE85A}.Analyze|Any CPU.Build.0 = Analyze|Any CPU
		{713733DB-8202-335A-B37D-A6901EFDE85A}.Debug|Any CPU.ActiveCfg = Debug|Any CPU
		{713733DB-8202-335A-B37D-A6901EFDE85A}.Debug|Any CPU.Build.0 = Debug|Any CPU
		{713733DB-8202-335A-B37D-A6901EFDE85A}.Development|Any CPU.ActiveCfg = Development|Any CPU
		{713733DB-8202-335A-B37D-A6901EFDE85A}.Development|Any CPU.Build.0 = Development|Any CPU
		{713733DB-8202-335A-B37D-A6901EFDE85A}.Release|Any CPU.ActiveCfg = Release|Any CPU
		{713733DB-8202-335A-B37D-A6901EFDE85A}.Release|Any CPU.Build.0 = Release|Any CPU
		{65EF8157-A44A-3221-ADFB-B08E099C8994}.Analyze|Any CPU.ActiveCfg = Analyze|Any CPU
		{65EF8157-A44A-3221-ADFB-B08E099C8994}.Analyze|Any CPU.Build.0 = Analyze|Any CPU
		{65EF8157-A44A-3221-ADFB-B08E099C8994}.Debug|Any CPU.ActiveCfg = Debug|Any CPU
		{65EF8157-A44A-3221-ADFB-B08E099C8994}.Debug|Any CPU.Build.0 = Debug|Any CPU
		{65EF8157-A44A-3221-ADFB-B08E099C8994}.Development|Any CPU.ActiveCfg = Development|Any CPU
		{65EF8157-A44A-3221-ADFB-B08E099C8994}.Development|Any CPU.Build.0 = Development|Any CPU
		{65EF8157-A44A-3221-ADFB-B08E099C8994}.Release|Any CPU.ActiveCfg = Release|Any CPU
		{65EF8157-A44A-3221-ADFB-B08E099C8994}.Release|Any CPU.Build.0 = Release|Any CPU
		{A279F91F-2B9C-3AE4-BD80-E73AEA2C7750}.Analyze|Any CPU.ActiveCfg = Analyze|Any CPU
		{A279F91F-2B9C-3AE4-BD80-E73AEA2C7750}.Analyze|Any CPU.Build.0 = Analyze|Any CPU
		{A279F91F-2B9C-3AE4-BD80-E73AEA2C7750}.Debug|Any CPU.ActiveCfg = Debug|Any CPU
		{A279F91F-2B9C-3AE4-BD80-E73AEA2C7750}.Debug|Any CPU.Build.0 = Debug|Any CPU
		{A279F91F-2B9C-3AE4-BD80-E73AEA2C7750}.Development|Any CPU.ActiveCfg = Development|Any CPU
		{A279F91F-2B9C-3AE4-BD80-E73AEA2C7750}.Development|Any CPU.Build.0 = Development|Any CPU
		{A279F91F-2B9C-3AE4-BD80-E73AEA2C7750}.Release|Any CPU.ActiveCfg = Release|Any CPU
		{A279F91F-2B9C-3AE4-BD80-E73AEA2C7750}.Release|Any CPU.Build.0 = Release|Any CPU
		{23ABE787-F882-3216-B453-5F2A87BB474B}.Analyze|Any CPU.ActiveCfg = Analyze|Any CPU
		{23ABE787-F882-3216-B453-5F2A87BB474B}.Analyze|Any CPU.Build.0 = Analyze|Any CPU
		{23ABE787-F882-3216-B453-5F2A87BB474B}.Debug|Any CPU.ActiveCfg = Debug|Any CPU
		{23ABE787-F882-3216-B453-5F2A87BB474B}.Debug|Any CPU.Build.0 = Debug|Any CPU
		{23ABE787-F882-3216-B453-5F2A87BB474B}.Development|Any CPU.ActiveCfg = Development|Any CPU
		{23ABE787-F882-3216-B453-5F2A87BB474B}.Development|Any CPU.Build.0 = Development|Any CPU
		{23ABE787-F882-3216-B453-5F2A87BB474B}.Release|Any CPU.ActiveCfg = Release|Any CPU
		{23ABE787-F882-3216-B453-5F2A87BB474B}.Release|Any CPU.Build.0 = Release|Any CPU
		{871A06F8-552F-363D-817F-F3F896EEA58D}.Analyze|Any CPU.ActiveCfg = Analyze|Any CPU
		{871A06F8-552F-363D-817F-F3F896EEA58D}.Analyze|Any CPU.Build.0 = Analyze|Any CPU
		{871A06F8-552F-363D-817F-F3F896EEA58D}.Debug|Any CPU.ActiveCfg = Debug|Any CPU
		{871A06F8-552F-363D-817F-F3F896EEA58D}.Debug|Any CPU.Build.0 = Debug|Any CPU
		{871A06F8-552F-363D-817F-F3F896EEA58D}.Development|Any CPU.ActiveCfg = Development|Any CPU
		{871A06F8-552F-363D-817F-F3F896EEA58D}.Development|Any CPU.Build.0 = Development|Any CPU
		{871A06F8-552F-363D-817F-F3F896EEA58D}.Release|Any CPU.ActiveCfg = Release|Any CPU
		{871A06F8-552F-363D-817F-F3F896EEA58D}.Release|Any CPU.Build.0 = Release|Any CPU
		{1AC9E864-0676-3A6A-BDB9-119CE6885F1C}.Analyze|Any CPU.ActiveCfg = Analyze|Any CPU
		{1AC9E864-0676-3A6A-BDB9-119CE6885F1C}.Analyze|Any CPU.Build.0 = Analyze|Any CPU
		{1AC9E864-0676-3A6A-BDB9-119CE6885F1C}.Debug|Any CPU.ActiveCfg = Debug|Any CPU
		{1AC9E864-0676-3A6A-BDB9-119CE6885F1C}.Debug|Any CPU.Build.0 = Debug|Any CPU
		{1AC9E864-0676-3A6A-BDB9-119CE6885F1C}.Development|Any CPU.ActiveCfg = Development|Any CPU
		{1AC9E864-0676-3A6A-BDB9-119CE6885F1C}.Development|Any CPU.Build.0 = Development|Any CPU
		{1AC9E864-0676-3A6A-BDB9-119CE6885F1C}.Release|Any CPU.ActiveCfg = Release|Any CPU
		{1AC9E864-0676-3A6A-BDB9-119CE6885F1C}.Release|Any CPU.Build.0 = Release|Any CPU
		{30DA4A9D-9EF9-3837-80D6-00FE44FEA618}.Analyze|Any CPU.ActiveCfg = Analyze|Any CPU
		{30DA4A9D-9EF9-3837-80D6-00FE44FEA618}.Analyze|Any CPU.Build.0 = Analyze|Any CPU
		{30DA4A9D-9EF9-3837-80D6-00FE44FEA618}.Debug|Any CPU.ActiveCfg = Debug|Any CPU
		{30DA4A9D-9EF9-3837-80D6-00FE44FEA618}.Debug|Any CPU.Build.0 = Debug|Any CPU
		{30DA4A9D-9EF9-3837-80D6-00FE44FEA618}.Development|Any CPU.ActiveCfg = Development|Any CPU
		{30DA4A9D-9EF9-3837-80D6-00FE44FEA618}.Development|Any CPU.Build.0 = Development|Any CPU
		{30DA4A9D-9EF9-3837-80D6-00FE44FEA618}.Release|Any CPU.ActiveCfg = Release|Any CPU
		{30DA4A9D-9EF9-3837-80D6-00FE44FEA618}.Release|Any CPU.Build.0 = Release|Any CPU
		{EA300038-557B-3AC8-8868-2F87C4862A06}.Analyze|Any CPU.ActiveCfg = Analyze|Any CPU
		{EA300038-557B-3AC8-8868-2F87C4862A06}.Analyze|Any CPU.Build.0 = Analyze|Any CPU
		{EA300038-557B-3AC8-8868-2F87C4862A06}.Debug|Any CPU.ActiveCfg = Debug|Any CPU
		{EA300038-557B-3AC8-8868-2F87C4862A06}.Debug|Any CPU.Build.0 = Debug|Any CPU
		{EA300038-557B-3AC8-8868-2F87C4862A06}.Development|Any CPU.ActiveCfg = Development|Any CPU
		{EA300038-557B-3AC8-8868-2F87C4862A06}.Development|Any CPU.Build.0 = Development|Any CPU
		{EA300038-557B-3AC8-8868-2F87C4862A06}.Release|Any CPU.ActiveCfg = Release|Any CPU
		{EA300038-557B-3AC8-8868-2F87C4862A06}.Release|Any CPU.Build.0 = Release|Any CPU
		{8F494B8B-3C3F-321D-9788-59FC84689BB9}.Analyze|Any CPU.ActiveCfg = Analyze|Any CPU
		{8F494B8B-3C3F-321D-9788-59FC84689BB9}.Analyze|Any CPU.Build.0 = Analyze|Any CPU
		{8F494B8B-3C3F-321D-9788-59FC84689BB9}.Debug|Any CPU.ActiveCfg = Debug|Any CPU
		{8F494B8B-3C3F-321D-9788-59FC84689BB9}.Debug|Any CPU.Build.0 = Debug|Any CPU
		{8F494B8B-3C3F-321D-9788-59FC84689BB9}.Development|Any CPU.ActiveCfg = Development|Any CPU
		{8F494B8B-3C3F-321D-9788-59FC84689BB9}.Development|Any CPU.Build.0 = Development|Any CPU
		{8F494B8B-3C3F-321D-9788-59FC84689BB9}.Release|Any CPU.ActiveCfg = Release|Any CPU
		{8F494B8B-3C3F-321D-9788-59FC84689BB9}.Release|Any CPU.Build.0 = Release|Any CPU
		{5B33853F-8F89-3B38-B26D-823CDD791802}.Analyze|Any CPU.ActiveCfg = Analyze|Any CPU
		{5B33853F-8F89-3B38-B26D-823CDD791802}.Analyze|Any CPU.Build.0 = Analyze|Any CPU
		{5B33853F-8F89-3B38-B26D-823CDD791802}.Debug|Any CPU.ActiveCfg = Debug|Any CPU
		{5B33853F-8F89-3B38-B26D-823CDD791802}.Debug|Any CPU.Build.0 = Debug|Any CPU
		{5B33853F-8F89-3B38-B26D-823CDD791802}.Development|Any CPU.ActiveCfg = Development|Any CPU
		{5B33853F-8F89-3B38-B26D-823CDD791802}.Development|Any CPU.Build.0 = Development|Any CPU
		{5B33853F-8F89-3B38-B26D-823CDD791802}.Release|Any CPU.ActiveCfg = Release|Any CPU
		{5B33853F-8F89-3B38-B26D-823CDD791802}.Release|Any CPU.Build.0 = Release|Any CPU
		{A64EFD18-D74A-302D-9CA6-8254074B3A8A}.Analyze|Any CPU.ActiveCfg = Analyze|Any CPU
		{A64EFD18-D74A-302D-9CA6-8254074B3A8A}.Analyze|Any CPU.Build.0 = Analyze|Any CPU
		{A64EFD18-D74A-302D-9CA6-8254074B3A8A}.Debug|Any CPU.ActiveCfg = Debug|Any CPU
		{A64EFD18-D74A-302D-9CA6-8254074B3A8A}.Debug|Any CPU.Build.0 = Debug|Any CPU
		{A64EFD18-D74A-302D-9CA6-8254074B3A8A}.Development|Any CPU.ActiveCfg = Development|Any CPU
		{A64EFD18-D74A-302D-9CA6-8254074B3A8A}.Development|Any CPU.Build.0 = Development|Any CPU
		{A64EFD18-D74A-302D-9CA6-8254074B3A8A}.Release|Any CPU.ActiveCfg = Release|Any CPU
		{A64EFD18-D74A-302D-9CA6-8254074B3A8A}.Release|Any CPU.Build.0 = Release|Any CPU
		{FA86E2B3-E71F-3026-A4B0-923CCD1FCA75}.Analyze|Any CPU.ActiveCfg = Analyze|Any CPU
		{FA86E2B3-E71F-3026-A4B0-923CCD1FCA75}.Analyze|Any CPU.Build.0 = Analyze|Any CPU
		{FA86E2B3-E71F-3026-A4B0-923CCD1FCA75}.Debug|Any CPU.ActiveCfg = Debug|Any CPU
		{FA86E2B3-E71F-3026-A4B0-923CCD1FCA75}.Debug|Any CPU.Build.0 = Debug|Any CPU
		{FA86E2B3-E71F-3026-A4B0-923CCD1FCA75}.Development|Any CPU.ActiveCfg = Development|Any CPU
		{FA86E2B3-E71F-3026-A4B0-923CCD1FCA75}.Development|Any CPU.Build.0 = Development|Any CPU
		{FA86E2B3-E71F-3026-A4B0-923CCD1FCA75}.Release|Any CPU.ActiveCfg = Release|Any CPU
		{FA86E2B3-E71F-3026-A4B0-923CCD1FCA75}.Release|Any CPU.Build.0 = Release|Any CPU
		{6D8FCA2C-F621-3A5C-9CB8-9A27E7C8220D}.Analyze|Any CPU.ActiveCfg = Analyze|Any CPU
		{6D8FCA2C-F621-3A5C-9CB8-9A27E7C8220D}.Analyze|Any CPU.Build.0 = Analyze|Any CPU
		{6D8FCA2C-F621-3A5C-9CB8-9A27E7C8220D}.Debug|Any CPU.ActiveCfg = Debug|Any CPU
		{6D8FCA2C-F621-3A5C-9CB8-9A27E7C8220D}.Debug|Any CPU.Build.0 = Debug|Any CPU
		{6D8FCA2C-F621-3A5C-9CB8-9A27E7C8220D}.Development|Any CPU.ActiveCfg = Development|Any CPU
		{6D8FCA2C-F621-3A5C-9CB8-9A27E7C8220D}.Development|Any CPU.Build.0 = Development|Any CPU
		{6D8FCA2C-F621-3A5C-9CB8-9A27E7C8220D}.Release|Any CPU.ActiveCfg = Release|Any CPU
		{6D8FCA2C-F621-3A5C-9CB8-9A27E7C8220D}.Release|Any CPU.Build.0 = Release|Any CPU
		{2CF2AEFD-390C-368A-8A61-F51B7144A528}.Analyze|Any CPU.ActiveCfg = Analyze|Any CPU
		{2CF2AEFD-390C-368A-8A61-F51B7144A528}.Analyze|Any CPU.Build.0 = Analyze|Any CPU
		{2CF2AEFD-390C-368A-8A61-F51B7144A528}.Debug|Any CPU.ActiveCfg = Debug|Any CPU
		{2CF2AEFD-390C-368A-8A61-F51B7144A528}.Debug|Any CPU.Build.0 = Debug|Any CPU
		{2CF2AEFD-390C-368A-8A61-F51B7144A528}.Development|Any CPU.ActiveCfg = Development|Any CPU
		{2CF2AEFD-390C-368A-8A61-F51B7144A528}.Development|Any CPU.Build.0 = Development|Any CPU
		{2CF2AEFD-390C-368A-8A61-F51B7144A528}.Release|Any CPU.ActiveCfg = Release|Any CPU
		{2CF2AEFD-390C-368A-8A61-F51B7144A528}.Release|Any CPU.Build.0 = Release|Any CPU
		{02843CA0-5B14-3D9D-9587-D0B58282767F}.Analyze|Any CPU.ActiveCfg = Analyze|Any CPU
		{02843CA0-5B14-3D9D-9587-D0B58282767F}.Analyze|Any CPU.Build.0 = Analyze|Any CPU
		{02843CA0-5B14-3D9D-9587-D0B58282767F}.Debug|Any CPU.ActiveCfg = Debug|Any CPU
		{02843CA0-5B14-3D9D-9587-D0B58282767F}.Debug|Any CPU.Build.0 = Debug|Any CPU
		{02843CA0-5B14-3D9D-9587-D0B58282767F}.Development|Any CPU.ActiveCfg = Development|Any CPU
		{02843CA0-5B14-3D9D-9587-D0B58282767F}.Development|Any CPU.Build.0 = Development|Any CPU
		{02843CA0-5B14-3D9D-9587-D0B58282767F}.Release|Any CPU.ActiveCfg = Release|Any CPU
		{02843CA0-5B14-3D9D-9587-D0B58282767F}.Release|Any CPU.Build.0 = Release|Any CPU
		{302D08A6-36BD-3381-8A49-B0FE4909D12C}.Analyze|Any CPU.ActiveCfg = Analyze|Any CPU
		{302D08A6-36BD-3381-8A49-B0FE4909D12C}.Analyze|Any CPU.Build.0 = Analyze|Any CPU
		{302D08A6-36BD-3381-8A49-B0FE4909D12C}.Debug|Any CPU.ActiveCfg = Debug|Any CPU
		{302D08A6-36BD-3381-8A49-B0FE4909D12C}.Debug|Any CPU.Build.0 = Debug|Any CPU
		{302D08A6-36BD-3381-8A49-B0FE4909D12C}.Development|Any CPU.ActiveCfg = Development|Any CPU
		{302D08A6-36BD-3381-8A49-B0FE4909D12C}.Development|Any CPU.Build.0 = Development|Any CPU
		{302D08A6-36BD-3381-8A49-B0FE4909D12C}.Release|Any CPU.ActiveCfg = Release|Any CPU
		{302D08A6-36BD-3381-8A49-B0FE4909D12C}.Release|Any CPU.Build.0 = Release|Any CPU
		{15A01DFC-FFFE-3756-9C8D-8E38B3599498}.Analyze|Any CPU.ActiveCfg = Analyze|Any CPU
		{15A01DFC-FFFE-3756-9C8D-8E38B3599498}.Analyze|Any CPU.Build.0 = Analyze|Any CPU
		{15A01DFC-FFFE-3756-9C8D-8E38B3599498}.Debug|Any CPU.ActiveCfg = Debug|Any CPU
		{15A01DFC-FFFE-3756-9C8D-8E38B3599498}.Debug|Any CPU.Build.0 = Debug|Any CPU
		{15A01DFC-FFFE-3756-9C8D-8E38B3599498}.Development|Any CPU.ActiveCfg = Development|Any CPU
		{15A01DFC-FFFE-3756-9C8D-8E38B3599498}.Development|Any CPU.Build.0 = Development|Any CPU
		{15A01DFC-FFFE-3756-9C8D-8E38B3599498}.Release|Any CPU.ActiveCfg = Release|Any CPU
		{15A01DFC-FFFE-3756-9C8D-8E38B3599498}.Release|Any CPU.Build.0 = Release|Any CPU
		{E912C611-9B5E-3404-AE52-87B996F36781}.Analyze|Any CPU.ActiveCfg = Analyze|Any CPU
		{E912C611-9B5E-3404-AE52-87B996F36781}.Analyze|Any CPU.Build.0 = Analyze|Any CPU
		{E912C611-9B5E-3404-AE52-87B996F36781}.Debug|Any CPU.ActiveCfg = Debug|Any CPU
		{E912C611-9B5E-3404-AE52-87B996F36781}.Debug|Any CPU.Build.0 = Debug|Any CPU
		{E912C611-9B5E-3404-AE52-87B996F36781}.Development|Any CPU.ActiveCfg = Development|Any CPU
		{E912C611-9B5E-3404-AE52-87B996F36781}.Development|Any CPU.Build.0 = Development|Any CPU
		{E912C611-9B5E-3404-AE52-87B996F36781}.Release|Any CPU.ActiveCfg = Release|Any CPU
		{E912C611-9B5E-3404-AE52-87B996F36781}.Release|Any CPU.Build.0 = Release|Any CPU
	EndGlobalSection
	GlobalSection(SolutionProperties) = preSolution
		HideSolutionNode = FALSE
	EndGlobalSection
	GlobalSection(NestedProjects) = preSolution
		{8DF01BEE-AED8-3E45-95B3-BD1C1BB3F2E5} = {58A72724-8CB8-3260-8ADB-0161BCAC3D64}
		{00D8EE79-BD3F-3033-89B8-3D94D72DBFF4} = {58A72724-8CB8-3260-8ADB-0161BCAC3D64}
		{E4AA8DBE-7C30-3529-99C7-F6CA79E0F6B4} = {58A72724-8CB8-3260-8ADB-0161BCAC3D64}
		{90EAB0D5-6141-3D56-AE01-2D43FF388781} = {58A72724-8CB8-3260-8ADB-0161BCAC3D64}
		{771511C3-010B-3980-9D56-48ECEEE75CFB} = {58A72724-8CB8-3260-8ADB-0161BCAC3D64}
		{486E43B2-EF04-379C-B2D7-FF8BC189C374} = {58A72724-8CB8-3260-8ADB-0161BCAC3D64}
		{75D89525-2D3F-3366-AC12-CC63005A9FA7} = {58A72724-8CB8-3260-8ADB-0161BCAC3D64}
		{28957F48-7AE7-3569-995A-F895137D8608} = {58A72724-8CB8-3260-8ADB-0161BCAC3D64}
		{8A8C8DAC-2E02-3CC0-AF76-9541E4E45EDC} = {58A72724-8CB8-3260-8ADB-0161BCAC3D64}
		{713733DB-8202-335A-B37D-A6901EFDE85A} = {58A72724-8CB8-3260-8ADB-0161BCAC3D64}
		{65EF8157-A44A-3221-ADFB-B08E099C8994} = {58A72724-8CB8-3260-8ADB-0161BCAC3D64}
		{A279F91F-2B9C-3AE4-BD80-E73AEA2C7750} = {58A72724-8CB8-3260-8ADB-0161BCAC3D64}
		{23ABE787-F882-3216-B453-5F2A87BB474B} = {58A72724-8CB8-3260-8ADB-0161BCAC3D64}
		{871A06F8-552F-363D-817F-F3F896EEA58D} = {58A72724-8CB8-3260-8ADB-0161BCAC3D64}
		{1AC9E864-0676-3A6A-BDB9-119CE6885F1C} = {58A72724-8CB8-3260-8ADB-0161BCAC3D64}
		{30DA4A9D-9EF9-3837-80D6-00FE44FEA618} = {58A72724-8CB8-3260-8ADB-0161BCAC3D64}
		{EA300038-557B-3AC8-8868-2F87C4862A06} = {58A72724-8CB8-3260-8ADB-0161BCAC3D64}
		{8F494B8B-3C3F-321D-9788-59FC84689BB9} = {58A72724-8CB8-3260-8ADB-0161BCAC3D64}
		{5B33853F-8F89-3B38-B26D-823CDD791802} = {63F96FAF-71A6-3DD6-AF0D-64B1504528FF}
		{A64EFD18-D74A-302D-9CA6-8254074B3A8A} = {63F96FAF-71A6-3DD6-AF0D-64B1504528FF}
		{FA86E2B3-E71F-3026-A4B0-923CCD1FCA75} = {63F96FAF-71A6-3DD6-AF0D-64B1504528FF}
		{6D8FCA2C-F621-3A5C-9CB8-9A27E7C8220D} = {63F96FAF-71A6-3DD6-AF0D-64B1504528FF}
		{2CF2AEFD-390C-368A-8A61-F51B7144A528} = {63F96FAF-71A6-3DD6-AF0D-64B1504528FF}
		{02843CA0-5B14-3D9D-9587-D0B58282767F} = {63F96FAF-71A6-3DD6-AF0D-64B1504528FF}
		{302D08A6-36BD-3381-8A49-B0FE4909D12C} = {63F96FAF-71A6-3DD6-AF0D-64B1504528FF}
		{15A01DFC-FFFE-3756-9C8D-8E38B3599498} = {63F96FAF-71A6-3DD6-AF0D-64B1504528FF}
		{E912C611-9B5E-3404-AE52-87B996F36781} = {63F96FAF-71A6-3DD6-AF0D-64B1504528FF}
	EndGlobalSection
EndGlobal
